
Microsoft Visual Studio Solution File, Format Version 12.00
# Visual Studio Version 17
VisualStudioVersion = 17.0.31912.275
MinimumVisualStudioVersion = 10.0.40219.1
Project("{2150E333-8FDC-42A3-9474-1A3956D46DE8}") = "src", "src", "{2C127080-FE06-4F3D-A45B-B80B2E3BE521}"
EndProject
Project("{2150E333-8FDC-42A3-9474-1A3956D46DE8}") = "BuildingBlocks", "BuildingBlocks", "{3498F21F-7F62-4A00-B59B-80F2DB350F12}"
EndProject
Project("{2150E333-8FDC-42A3-9474-1A3956D46DE8}") = "Services", "Services", "{5688EA86-506E-407B-8957-9E7090FFAAE0}"
EndProject
Project("{2150E333-8FDC-42A3-9474-1A3956D46DE8}") = "Flight", "Flight", "{4E7267B8-E7DE-449F-B7A8-DBFF08F9867F}"
EndProject
Project("{9A19103F-16F7-4668-BE54-9A1E7A4F7556}") = "Flight.API", "src\Services\Flight\Flight.API\Flight.API.csproj", "{08FFF938-FF1E-4CE4-B5F7-9296AC6C1E3C}"
EndProject
Project("{E53339B2-1760-4266-BCC7-CA923CBCF16C}") = "docker-compose", "docker-compose.dcproj", "{19485799-3E75-495F-8050-65C256BABADD}"
EndProject
Project("{9A19103F-16F7-4668-BE54-9A1E7A4F7556}") = "Common.Logging", "src\BuildingBlocks\Common.Logging\Common.Logging.csproj", "{F8957203-2291-4A27-A973-12F533FA2718}"
EndProject
Project("{9A19103F-16F7-4668-BE54-9A1E7A4F7556}") = "Common.Host", "src\BuildingBlocks\Common.Host\Common.Host.csproj", "{613E8EB6-5015-49D3-AC39-88BBEAD1E316}"
EndProject
Global
	GlobalSection(SolutionConfigurationPlatforms) = preSolution
		Debug|Any CPU = Debug|Any CPU
		Release|Any CPU = Release|Any CPU
	EndGlobalSection
	GlobalSection(ProjectConfigurationPlatforms) = postSolution
		{08FFF938-FF1E-4CE4-B5F7-9296AC6C1E3C}.Debug|Any CPU.ActiveCfg = Debug|Any CPU
		{08FFF938-FF1E-4CE4-B5F7-9296AC6C1E3C}.Debug|Any CPU.Build.0 = Debug|Any CPU
		{08FFF938-FF1E-4CE4-B5F7-9296AC6C1E3C}.Release|Any CPU.ActiveCfg = Release|Any CPU
		{08FFF938-FF1E-4CE4-B5F7-9296AC6C1E3C}.Release|Any CPU.Build.0 = Release|Any CPU
		{19485799-3E75-495F-8050-65C256BABADD}.Debug|Any CPU.ActiveCfg = Debug|Any CPU
		{19485799-3E75-495F-8050-65C256BABADD}.Debug|Any CPU.Build.0 = Debug|Any CPU
		{19485799-3E75-495F-8050-65C256BABADD}.Release|Any CPU.ActiveCfg = Release|Any CPU
		{19485799-3E75-495F-8050-65C256BABADD}.Release|Any CPU.Build.0 = Release|Any CPU
		{F8957203-2291-4A27-A973-12F533FA2718}.Debug|Any CPU.ActiveCfg = Debug|Any CPU
		{F8957203-2291-4A27-A973-12F533FA2718}.Debug|Any CPU.Build.0 = Debug|Any CPU
		{F8957203-2291-4A27-A973-12F533FA2718}.Release|Any CPU.ActiveCfg = Release|Any CPU
		{F8957203-2291-4A27-A973-12F533FA2718}.Release|Any CPU.Build.0 = Release|Any CPU
		{613E8EB6-5015-49D3-AC39-88BBEAD1E316}.Debug|Any CPU.ActiveCfg = Debug|Any CPU
		{613E8EB6-5015-49D3-AC39-88BBEAD1E316}.Debug|Any CPU.Build.0 = Debug|Any CPU
		{613E8EB6-5015-49D3-AC39-88BBEAD1E316}.Release|Any CPU.ActiveCfg = Release|Any CPU
		{613E8EB6-5015-49D3-AC39-88BBEAD1E316}.Release|Any CPU.Build.0 = Release|Any CPU
	EndGlobalSection
	GlobalSection(SolutionProperties) = preSolution
		HideSolutionNode = FALSE
	EndGlobalSection
	GlobalSection(NestedProjects) = preSolution
		{3498F21F-7F62-4A00-B59B-80F2DB350F12} = {2C127080-FE06-4F3D-A45B-B80B2E3BE521}
		{5688EA86-506E-407B-8957-9E7090FFAAE0} = {2C127080-FE06-4F3D-A45B-B80B2E3BE521}
		{4E7267B8-E7DE-449F-B7A8-DBFF08F9867F} = {5688EA86-506E-407B-8957-9E7090FFAAE0}
		{08FFF938-FF1E-4CE4-B5F7-9296AC6C1E3C} = {4E7267B8-E7DE-449F-B7A8-DBFF08F9867F}
		{F8957203-2291-4A27-A973-12F533FA2718} = {3498F21F-7F62-4A00-B59B-80F2DB350F12}
		{613E8EB6-5015-49D3-AC39-88BBEAD1E316} = {3498F21F-7F62-4A00-B59B-80F2DB350F12}
	EndGlobalSection
	GlobalSection(ExtensibilityGlobals) = postSolution
		SolutionGuid = {718C2F7D-038A-4E4B-BE1F-338BD14C43A1}
	EndGlobalSection
EndGlobal
