
Microsoft Visual Studio Solution File, Format Version 12.00
# Visual Studio Version 17
VisualStudioVersion = 17.0.31912.275
MinimumVisualStudioVersion = 10.0.40219.1
Project("{2150E333-8FDC-42A3-9474-1A3956D46DE8}") = "src", "src", "{2C127080-FE06-4F3D-A45B-B80B2E3BE521}"
EndProject
Project("{2150E333-8FDC-42A3-9474-1A3956D46DE8}") = "BuildingBlocks", "BuildingBlocks", "{3498F21F-7F62-4A00-B59B-80F2DB350F12}"
EndProject
Project("{2150E333-8FDC-42A3-9474-1A3956D46DE8}") = "Services", "Services", "{5688EA86-506E-407B-8957-9E7090FFAAE0}"
EndProject
Project("{2150E333-8FDC-42A3-9474-1A3956D46DE8}") = "Flight", "Flight", "{4E7267B8-E7DE-449F-B7A8-DBFF08F9867F}"
EndProject
Project("{FAE04EC0-301F-11D3-BF4B-00C04F79EFBC}") = "Flight.API", "Flight.API\Flight.API.csproj", "{8C89E216-CCC9-4396-9351-828062E8C04A}"
EndProject
Global
	GlobalSection(SolutionConfigurationPlatforms) = preSolution
		Debug|Any CPU = Debug|Any CPU
		Release|Any CPU = Release|Any CPU
	EndGlobalSection
	GlobalSection(ProjectConfigurationPlatforms) = postSolution
		{8C89E216-CCC9-4396-9351-828062E8C04A}.Debug|Any CPU.ActiveCfg = Debug|Any CPU
		{8C89E216-CCC9-4396-9351-828062E8C04A}.Debug|Any CPU.Build.0 = Debug|Any CPU
		{8C89E216-CCC9-4396-9351-828062E8C04A}.Release|Any CPU.ActiveCfg = Release|Any CPU
		{8C89E216-CCC9-4396-9351-828062E8C04A}.Release|Any CPU.Build.0 = Release|Any CPU
	EndGlobalSection
	GlobalSection(SolutionProperties) = preSolution
		HideSolutionNode = FALSE
	EndGlobalSection
	GlobalSection(NestedProjects) = preSolution
		{3498F21F-7F62-4A00-B59B-80F2DB350F12} = {2C127080-FE06-4F3D-A45B-B80B2E3BE521}
		{5688EA86-506E-407B-8957-9E7090FFAAE0} = {2C127080-FE06-4F3D-A45B-B80B2E3BE521}
		{4E7267B8-E7DE-449F-B7A8-DBFF08F9867F} = {5688EA86-506E-407B-8957-9E7090FFAAE0}
		{8C89E216-CCC9-4396-9351-828062E8C04A} = {4E7267B8-E7DE-449F-B7A8-DBFF08F9867F}
	EndGlobalSection
	GlobalSection(ExtensibilityGlobals) = postSolution
		SolutionGuid = {718C2F7D-038A-4E4B-BE1F-338BD14C43A1}
	EndGlobalSection
EndGlobal
